// !$*UTF8*$!
{
	archiveVersion = 1;
	classes = {
	};
	objectVersion = 50;
	objects = {

/* Begin PBXBuildFile section */
		522F2E8D22A41E4000A5EE41 /* ServerAnswer.swift in Sources */ = {isa = PBXBuildFile; fileRef = 522F2E8C22A41E4000A5EE41 /* ServerAnswer.swift */; };
		522F2E8F22A421D900A5EE41 /* PostResultService.swift in Sources */ = {isa = PBXBuildFile; fileRef = 522F2E8E22A421D900A5EE41 /* PostResultService.swift */; };
		522F2E9122AAA08400A5EE41 /* TableSectionHeaderView.swift in Sources */ = {isa = PBXBuildFile; fileRef = 522F2E9022AAA08400A5EE41 /* TableSectionHeaderView.swift */; };
		527E5C2122972A3400D75218 /* LoginViewController.swift in Sources */ = {isa = PBXBuildFile; fileRef = 527E5C1F22972A3400D75218 /* LoginViewController.swift */; };
		527E5C2222972A3400D75218 /* LoginViewController.xib in Resources */ = {isa = PBXBuildFile; fileRef = 527E5C2022972A3400D75218 /* LoginViewController.xib */; };
		527E5C24229EC35000D75218 /* LoginService.swift in Sources */ = {isa = PBXBuildFile; fileRef = 527E5C23229EC35000D75218 /* LoginService.swift */; };
		529353EE225FDC27002D3874 /* AppDelegate.swift in Sources */ = {isa = PBXBuildFile; fileRef = 529353ED225FDC27002D3874 /* AppDelegate.swift */; };
		529353F5225FDC2F002D3874 /* Assets.xcassets in Resources */ = {isa = PBXBuildFile; fileRef = 529353F4225FDC2F002D3874 /* Assets.xcassets */; };
		52935405225FDF49002D3874 /* QuestionView.swift in Sources */ = {isa = PBXBuildFile; fileRef = 52935404225FDF49002D3874 /* QuestionView.swift */; };
		52935407225FDF5C002D3874 /* QuestionView.xib in Resources */ = {isa = PBXBuildFile; fileRef = 52935406225FDF5C002D3874 /* QuestionView.xib */; };
		52935411225FEB11002D3874 /* Quiz.swift in Sources */ = {isa = PBXBuildFile; fileRef = 52935410225FEB11002D3874 /* Quiz.swift */; };
		52935413225FEBA6002D3874 /* Question.swift in Sources */ = {isa = PBXBuildFile; fileRef = 52935412225FEBA6002D3874 /* Question.swift */; };
		52935415225FEBFA002D3874 /* Category.swift in Sources */ = {isa = PBXBuildFile; fileRef = 52935414225FEBFA002D3874 /* Category.swift */; };
		52935417225FF8A0002D3874 /* QuizService.swift in Sources */ = {isa = PBXBuildFile; fileRef = 52935416225FF8A0002D3874 /* QuizService.swift */; };
		52935419225FF8E3002D3874 /* QuizImageService.swift in Sources */ = {isa = PBXBuildFile; fileRef = 52935418225FF8E3002D3874 /* QuizImageService.swift */; };
		529FCE4C2292935B00F0F822 /* ListaKvizovaViewController.swift in Sources */ = {isa = PBXBuildFile; fileRef = 529FCE4A2292935B00F0F822 /* ListaKvizovaViewController.swift */; };
		529FCE4D2292935B00F0F822 /* ListaKvizovaViewController.xib in Resources */ = {isa = PBXBuildFile; fileRef = 529FCE4B2292935B00F0F822 /* ListaKvizovaViewController.xib */; };
		529FCE502292964000F0F822 /* KvizUIViewController.swift in Sources */ = {isa = PBXBuildFile; fileRef = 529FCE4E2292964000F0F822 /* KvizUIViewController.swift */; };
		529FCE512292964000F0F822 /* KvizUIViewController.xib in Resources */ = {isa = PBXBuildFile; fileRef = 529FCE4F2292964000F0F822 /* KvizUIViewController.xib */; };
		529FCE542292B1F500F0F822 /* QuizTableViewCell.swift in Sources */ = {isa = PBXBuildFile; fileRef = 529FCE522292B1F500F0F822 /* QuizTableViewCell.swift */; };
		529FCE552292B1F500F0F822 /* QuizTableViewCell.xib in Resources */ = {isa = PBXBuildFile; fileRef = 529FCE532292B1F500F0F822 /* QuizTableViewCell.xib */; };
/* End PBXBuildFile section */

/* Begin PBXFileReference section */
		522F2E8C22A41E4000A5EE41 /* ServerAnswer.swift */ = {isa = PBXFileReference; lastKnownFileType = sourcecode.swift; path = ServerAnswer.swift; sourceTree = "<group>"; };
		522F2E8E22A421D900A5EE41 /* PostResultService.swift */ = {isa = PBXFileReference; lastKnownFileType = sourcecode.swift; path = PostResultService.swift; sourceTree = "<group>"; };
		522F2E9022AAA08400A5EE41 /* TableSectionHeaderView.swift */ = {isa = PBXFileReference; lastKnownFileType = sourcecode.swift; path = TableSectionHeaderView.swift; sourceTree = "<group>"; };
		527E5C1F22972A3400D75218 /* LoginViewController.swift */ = {isa = PBXFileReference; lastKnownFileType = sourcecode.swift; path = LoginViewController.swift; sourceTree = "<group>"; };
		527E5C2022972A3400D75218 /* LoginViewController.xib */ = {isa = PBXFileReference; lastKnownFileType = file.xib; path = LoginViewController.xib; sourceTree = "<group>"; };
		527E5C23229EC35000D75218 /* LoginService.swift */ = {isa = PBXFileReference; lastKnownFileType = sourcecode.swift; path = LoginService.swift; sourceTree = "<group>"; };
		529353EA225FDC27002D3874 /* dz1prava.app */ = {isa = PBXFileReference; explicitFileType = wrapper.application; includeInIndex = 0; path = dz1prava.app; sourceTree = BUILT_PRODUCTS_DIR; };
		529353ED225FDC27002D3874 /* AppDelegate.swift */ = {isa = PBXFileReference; lastKnownFileType = sourcecode.swift; path = AppDelegate.swift; sourceTree = "<group>"; };
		529353F4225FDC2F002D3874 /* Assets.xcassets */ = {isa = PBXFileReference; lastKnownFileType = folder.assetcatalog; path = Assets.xcassets; sourceTree = "<group>"; };
		529353F9225FDC2F002D3874 /* Info.plist */ = {isa = PBXFileReference; lastKnownFileType = text.plist.xml; path = Info.plist; sourceTree = "<group>"; };
		52935404225FDF49002D3874 /* QuestionView.swift */ = {isa = PBXFileReference; lastKnownFileType = sourcecode.swift; path = QuestionView.swift; sourceTree = "<group>"; };
		52935406225FDF5C002D3874 /* QuestionView.xib */ = {isa = PBXFileReference; lastKnownFileType = file.xib; path = QuestionView.xib; sourceTree = "<group>"; };
		52935410225FEB11002D3874 /* Quiz.swift */ = {isa = PBXFileReference; lastKnownFileType = sourcecode.swift; path = Quiz.swift; sourceTree = "<group>"; };
		52935412225FEBA6002D3874 /* Question.swift */ = {isa = PBXFileReference; lastKnownFileType = sourcecode.swift; path = Question.swift; sourceTree = "<group>"; };
		52935414225FEBFA002D3874 /* Category.swift */ = {isa = PBXFileReference; lastKnownFileType = sourcecode.swift; path = Category.swift; sourceTree = "<group>"; };
		52935416225FF8A0002D3874 /* QuizService.swift */ = {isa = PBXFileReference; lastKnownFileType = sourcecode.swift; path = QuizService.swift; sourceTree = "<group>"; };
		52935418225FF8E3002D3874 /* QuizImageService.swift */ = {isa = PBXFileReference; lastKnownFileType = sourcecode.swift; path = QuizImageService.swift; sourceTree = "<group>"; };
		529FCE4A2292935B00F0F822 /* ListaKvizovaViewController.swift */ = {isa = PBXFileReference; lastKnownFileType = sourcecode.swift; path = ListaKvizovaViewController.swift; sourceTree = "<group>"; };
		529FCE4B2292935B00F0F822 /* ListaKvizovaViewController.xib */ = {isa = PBXFileReference; lastKnownFileType = file.xib; path = ListaKvizovaViewController.xib; sourceTree = "<group>"; };
		529FCE4E2292964000F0F822 /* KvizUIViewController.swift */ = {isa = PBXFileReference; lastKnownFileType = sourcecode.swift; path = KvizUIViewController.swift; sourceTree = "<group>"; };
		529FCE4F2292964000F0F822 /* KvizUIViewController.xib */ = {isa = PBXFileReference; lastKnownFileType = file.xib; path = KvizUIViewController.xib; sourceTree = "<group>"; };
		529FCE522292B1F500F0F822 /* QuizTableViewCell.swift */ = {isa = PBXFileReference; lastKnownFileType = sourcecode.swift; path = QuizTableViewCell.swift; sourceTree = "<group>"; };
		529FCE532292B1F500F0F822 /* QuizTableViewCell.xib */ = {isa = PBXFileReference; lastKnownFileType = file.xib; path = QuizTableViewCell.xib; sourceTree = "<group>"; };
/* End PBXFileReference section */

/* Begin PBXFrameworksBuildPhase section */
		529353E7225FDC27002D3874 /* Frameworks */ = {
			isa = PBXFrameworksBuildPhase;
			buildActionMask = 2147483647;
			files = (
			);
			runOnlyForDeploymentPostprocessing = 0;
		};
/* End PBXFrameworksBuildPhase section */

/* Begin PBXGroup section */
		529353E1225FDC27002D3874 = {
			isa = PBXGroup;
			children = (
				529353EC225FDC27002D3874 /* dz1prava */,
				529353EB225FDC27002D3874 /* Products */,
			);
			sourceTree = "<group>";
		};
		529353EB225FDC27002D3874 /* Products */ = {
			isa = PBXGroup;
			children = (
				529353EA225FDC27002D3874 /* dz1prava.app */,
			);
			name = Products;
			sourceTree = "<group>";
		};
		529353EC225FDC27002D3874 /* dz1prava */ = {
			isa = PBXGroup;
			children = (
				5293540A225FE787002D3874 /* model */,
				52935409225FE4BB002D3874 /* Service */,
				52935408225FDFA5002D3874 /* controllers */,
				52935403225FDF24002D3874 /* views */,
				529353ED225FDC27002D3874 /* AppDelegate.swift */,
				529353F4225FDC2F002D3874 /* Assets.xcassets */,
				529353F9225FDC2F002D3874 /* Info.plist */,
			);
			path = dz1prava;
			sourceTree = "<group>";
		};
		52935403225FDF24002D3874 /* views */ = {
			isa = PBXGroup;
			children = (
				52935404225FDF49002D3874 /* QuestionView.swift */,
				52935406225FDF5C002D3874 /* QuestionView.xib */,
				529FCE522292B1F500F0F822 /* QuizTableViewCell.swift */,
				529FCE532292B1F500F0F822 /* QuizTableViewCell.xib */,
				522F2E9022AAA08400A5EE41 /* TableSectionHeaderView.swift */,
			);
			path = views;
			sourceTree = "<group>";
		};
		52935408225FDFA5002D3874 /* controllers */ = {
			isa = PBXGroup;
			children = (
				529FCE4A2292935B00F0F822 /* ListaKvizovaViewController.swift */,
				529FCE4B2292935B00F0F822 /* ListaKvizovaViewController.xib */,
				529FCE4E2292964000F0F822 /* KvizUIViewController.swift */,
				529FCE4F2292964000F0F822 /* KvizUIViewController.xib */,
				527E5C1F22972A3400D75218 /* LoginViewController.swift */,
				527E5C2022972A3400D75218 /* LoginViewController.xib */,
			);
			path = controllers;
			sourceTree = "<group>";
		};
		52935409225FE4BB002D3874 /* Service */ = {
			isa = PBXGroup;
			children = (
				52935416225FF8A0002D3874 /* QuizService.swift */,
				52935418225FF8E3002D3874 /* QuizImageService.swift */,
				527E5C23229EC35000D75218 /* LoginService.swift */,
				522F2E8E22A421D900A5EE41 /* PostResultService.swift */,
			);
			path = Service;
			sourceTree = "<group>";
		};
		5293540A225FE787002D3874 /* model */ = {
			isa = PBXGroup;
			children = (
				52935410225FEB11002D3874 /* Quiz.swift */,
				52935412225FEBA6002D3874 /* Question.swift */,
				52935414225FEBFA002D3874 /* Category.swift */,
				522F2E8C22A41E4000A5EE41 /* ServerAnswer.swift */,
			);
			name = model;
			path = "New Groupl";
			sourceTree = "<group>";
		};
/* End PBXGroup section */

/* Begin PBXNativeTarget section */
		529353E9225FDC27002D3874 /* dz1prava */ = {
			isa = PBXNativeTarget;
			buildConfigurationList = 529353FC225FDC2F002D3874 /* Build configuration list for PBXNativeTarget "dz1prava" */;
			buildPhases = (
				529353E6225FDC27002D3874 /* Sources */,
				529353E7225FDC27002D3874 /* Frameworks */,
				529353E8225FDC27002D3874 /* Resources */,
			);
			buildRules = (
			);
			dependencies = (
			);
			name = dz1prava;
			productName = dz1prava;
			productReference = 529353EA225FDC27002D3874 /* dz1prava.app */;
			productType = "com.apple.product-type.application";
		};
/* End PBXNativeTarget section */

/* Begin PBXProject section */
		529353E2225FDC27002D3874 /* Project object */ = {
			isa = PBXProject;
			attributes = {
				LastSwiftUpdateCheck = 0930;
				LastUpgradeCheck = 0930;
				ORGANIZATIONNAME = FIVE;
				TargetAttributes = {
					529353E9225FDC27002D3874 = {
						CreatedOnToolsVersion = 9.3;
					};
				};
			};
			buildConfigurationList = 529353E5225FDC27002D3874 /* Build configuration list for PBXProject "Kviz" */;
			compatibilityVersion = "Xcode 9.3";
			developmentRegion = en;
			hasScannedForEncodings = 0;
			knownRegions = (
				en,
				Base,
			);
			mainGroup = 529353E1225FDC27002D3874;
			productRefGroup = 529353EB225FDC27002D3874 /* Products */;
			projectDirPath = "";
			projectRoot = "";
			targets = (
				529353E9225FDC27002D3874 /* dz1prava */,
			);
		};
/* End PBXProject section */

/* Begin PBXResourcesBuildPhase section */
		529353E8225FDC27002D3874 /* Resources */ = {
			isa = PBXResourcesBuildPhase;
			buildActionMask = 2147483647;
			files = (
				52935407225FDF5C002D3874 /* QuestionView.xib in Resources */,
				529FCE552292B1F500F0F822 /* QuizTableViewCell.xib in Resources */,
				527E5C2222972A3400D75218 /* LoginViewController.xib in Resources */,
				529FCE512292964000F0F822 /* KvizUIViewController.xib in Resources */,
				529FCE4D2292935B00F0F822 /* ListaKvizovaViewController.xib in Resources */,
				529353F5225FDC2F002D3874 /* Assets.xcassets in Resources */,
			);
			runOnlyForDeploymentPostprocessing = 0;
		};
/* End PBXResourcesBuildPhase section */

/* Begin PBXSourcesBuildPhase section */
		529353E6225FDC27002D3874 /* Sources */ = {
			isa = PBXSourcesBuildPhase;
			buildActionMask = 2147483647;
			files = (
				527E5C2122972A3400D75218 /* LoginViewController.swift in Sources */,
				527E5C24229EC35000D75218 /* LoginService.swift in Sources */,
				52935413225FEBA6002D3874 /* Question.swift in Sources */,
				52935417225FF8A0002D3874 /* QuizService.swift in Sources */,
				529FCE542292B1F500F0F822 /* QuizTableViewCell.swift in Sources */,
				52935405225FDF49002D3874 /* QuestionView.swift in Sources */,
				52935411225FEB11002D3874 /* Quiz.swift in Sources */,
				529353EE225FDC27002D3874 /* AppDelegate.swift in Sources */,
				529FCE502292964000F0F822 /* KvizUIViewController.swift in Sources */,
				52935419225FF8E3002D3874 /* QuizImageService.swift in Sources */,
				522F2E8D22A41E4000A5EE41 /* ServerAnswer.swift in Sources */,
				522F2E9122AAA08400A5EE41 /* TableSectionHeaderView.swift in Sources */,
				529FCE4C2292935B00F0F822 /* ListaKvizovaViewController.swift in Sources */,
				522F2E8F22A421D900A5EE41 /* PostResultService.swift in Sources */,
				52935415225FEBFA002D3874 /* Category.swift in Sources */,
			);
			runOnlyForDeploymentPostprocessing = 0;
		};
/* End PBXSourcesBuildPhase section */

/* Begin XCBuildConfiguration section */
		529353FA225FDC2F002D3874 /* Debug */ = {
			isa = XCBuildConfiguration;
			buildSettings = {
				ALWAYS_SEARCH_USER_PATHS = NO;
				CLANG_ANALYZER_NONNULL = YES;
				CLANG_ANALYZER_NUMBER_OBJECT_CONVERSION = YES_AGGRESSIVE;
				CLANG_CXX_LANGUAGE_STANDARD = "gnu++14";
				CLANG_CXX_LIBRARY = "libc++";
				CLANG_ENABLE_MODULES = YES;
				CLANG_ENABLE_OBJC_ARC = YES;
				CLANG_ENABLE_OBJC_WEAK = YES;
				CLANG_WARN_BLOCK_CAPTURE_AUTORELEASING = YES;
				CLANG_WARN_BOOL_CONVERSION = YES;
				CLANG_WARN_COMMA = YES;
				CLANG_WARN_CONSTANT_CONVERSION = YES;
				CLANG_WARN_DEPRECATED_OBJC_IMPLEMENTATIONS = YES;
				CLANG_WARN_DIRECT_OBJC_ISA_USAGE = YES_ERROR;
				CLANG_WARN_DOCUMENTATION_COMMENTS = YES;
				CLANG_WARN_EMPTY_BODY = YES;
				CLANG_WARN_ENUM_CONVERSION = YES;
				CLANG_WARN_INFINITE_RECURSION = YES;
				CLANG_WARN_INT_CONVERSION = YES;
				CLANG_WARN_NON_LITERAL_NULL_CONVERSION = YES;
				CLANG_WARN_OBJC_IMPLICIT_RETAIN_SELF = YES;
				CLANG_WARN_OBJC_LITERAL_CONVERSION = YES;
				CLANG_WARN_OBJC_ROOT_CLASS = YES_ERROR;
				CLANG_WARN_RANGE_LOOP_ANALYSIS = YES;
				CLANG_WARN_STRICT_PROTOTYPES = YES;
				CLANG_WARN_SUSPICIOUS_MOVE = YES;
				CLANG_WARN_UNGUARDED_AVAILABILITY = YES_AGGRESSIVE;
				CLANG_WARN_UNREACHABLE_CODE = YES;
				CLANG_WARN__DUPLICATE_METHOD_MATCH = YES;
				CODE_SIGN_IDENTITY = "iPhone Developer";
				COPY_PHASE_STRIP = NO;
				DEBUG_INFORMATION_FORMAT = dwarf;
				ENABLE_STRICT_OBJC_MSGSEND = YES;
				ENABLE_TESTABILITY = YES;
				GCC_C_LANGUAGE_STANDARD = gnu11;
				GCC_DYNAMIC_NO_PIC = NO;
				GCC_NO_COMMON_BLOCKS = YES;
				GCC_OPTIMIZATION_LEVEL = 0;
				GCC_PREPROCESSOR_DEFINITIONS = (
					"DEBUG=1",
					"$(inherited)",
				);
				GCC_WARN_64_TO_32_BIT_CONVERSION = YES;
				GCC_WARN_ABOUT_RETURN_TYPE = YES_ERROR;
				GCC_WARN_UNDECLARED_SELECTOR = YES;
				GCC_WARN_UNINITIALIZED_AUTOS = YES_AGGRESSIVE;
				GCC_WARN_UNUSED_FUNCTION = YES;
				GCC_WARN_UNUSED_VARIABLE = YES;
				IPHONEOS_DEPLOYMENT_TARGET = 11.3;
				MTL_ENABLE_DEBUG_INFO = YES;
				ONLY_ACTIVE_ARCH = YES;
				SDKROOT = iphoneos;
				SWIFT_ACTIVE_COMPILATION_CONDITIONS = DEBUG;
				SWIFT_OPTIMIZATION_LEVEL = "-Onone";
			};
			name = Debug;
		};
		529353FB225FDC2F002D3874 /* Release */ = {
			isa = XCBuildConfiguration;
			buildSettings = {
				ALWAYS_SEARCH_USER_PATHS = NO;
				CLANG_ANALYZER_NONNULL = YES;
				CLANG_ANALYZER_NUMBER_OBJECT_CONVERSION = YES_AGGRESSIVE;
				CLANG_CXX_LANGUAGE_STANDARD = "gnu++14";
				CLANG_CXX_LIBRARY = "libc++";
				CLANG_ENABLE_MODULES = YES;
				CLANG_ENABLE_OBJC_ARC = YES;
				CLANG_ENABLE_OBJC_WEAK = YES;
				CLANG_WARN_BLOCK_CAPTURE_AUTORELEASING = YES;
				CLANG_WARN_BOOL_CONVERSION = YES;
				CLANG_WARN_COMMA = YES;
				CLANG_WARN_CONSTANT_CONVERSION = YES;
				CLANG_WARN_DEPRECATED_OBJC_IMPLEMENTATIONS = YES;
				CLANG_WARN_DIRECT_OBJC_ISA_USAGE = YES_ERROR;
				CLANG_WARN_DOCUMENTATION_COMMENTS = YES;
				CLANG_WARN_EMPTY_BODY = YES;
				CLANG_WARN_ENUM_CONVERSION = YES;
				CLANG_WARN_INFINITE_RECURSION = YES;
				CLANG_WARN_INT_CONVERSION = YES;
				CLANG_WARN_NON_LITERAL_NULL_CONVERSION = YES;
				CLANG_WARN_OBJC_IMPLICIT_RETAIN_SELF = YES;
				CLANG_WARN_OBJC_LITERAL_CONVERSION = YES;
				CLANG_WARN_OBJC_ROOT_CLASS = YES_ERROR;
				CLANG_WARN_RANGE_LOOP_ANALYSIS = YES;
				CLANG_WARN_STRICT_PROTOTYPES = YES;
				CLANG_WARN_SUSPICIOUS_MOVE = YES;
				CLANG_WARN_UNGUARDED_AVAILABILITY = YES_AGGRESSIVE;
				CLANG_WARN_UNREACHABLE_CODE = YES;
				CLANG_WARN__DUPLICATE_METHOD_MATCH = YES;
				CODE_SIGN_IDENTITY = "iPhone Developer";
				COPY_PHASE_STRIP = NO;
				DEBUG_INFORMATION_FORMAT = "dwarf-with-dsym";
				ENABLE_NS_ASSERTIONS = NO;
				ENABLE_STRICT_OBJC_MSGSEND = YES;
				GCC_C_LANGUAGE_STANDARD = gnu11;
				GCC_NO_COMMON_BLOCKS = YES;
				GCC_WARN_64_TO_32_BIT_CONVERSION = YES;
				GCC_WARN_ABOUT_RETURN_TYPE = YES_ERROR;
				GCC_WARN_UNDECLARED_SELECTOR = YES;
				GCC_WARN_UNINITIALIZED_AUTOS = YES_AGGRESSIVE;
				GCC_WARN_UNUSED_FUNCTION = YES;
				GCC_WARN_UNUSED_VARIABLE = YES;
				IPHONEOS_DEPLOYMENT_TARGET = 11.3;
				MTL_ENABLE_DEBUG_INFO = NO;
				SDKROOT = iphoneos;
				SWIFT_COMPILATION_MODE = wholemodule;
				SWIFT_OPTIMIZATION_LEVEL = "-O";
				VALIDATE_PRODUCT = YES;
			};
			name = Release;
		};
		529353FD225FDC2F002D3874 /* Debug */ = {
			isa = XCBuildConfiguration;
			buildSettings = {
				ASSETCATALOG_COMPILER_APPICON_NAME = AppIcon;
				CODE_SIGN_STYLE = Automatic;
				INFOPLIST_FILE = dz1prava/Info.plist;
				LD_RUNPATH_SEARCH_PATHS = (
					"$(inherited)",
					"@executable_path/Frameworks",
				);
				PRODUCT_BUNDLE_IDENTIFIER = hr.fer.luburic.matej.dz1prava;
				PRODUCT_NAME = "$(TARGET_NAME)";
				SWIFT_REFLECTION_METADATA_LEVEL = none;
				SWIFT_VERSION = 4.0;
				TARGETED_DEVICE_FAMILY = "1,2";
			};
			name = Debug;
		};
		529353FE225FDC2F002D3874 /* Release */ = {
			isa = XCBuildConfiguration;
			buildSettings = {
				ASSETCATALOG_COMPILER_APPICON_NAME = AppIcon;
				CODE_SIGN_STYLE = Automatic;
				INFOPLIST_FILE = dz1prava/Info.plist;
				LD_RUNPATH_SEARCH_PATHS = (
					"$(inherited)",
					"@executable_path/Frameworks",
				);
				PRODUCT_BUNDLE_IDENTIFIER = hr.fer.luburic.matej.dz1prava;
				PRODUCT_NAME = "$(TARGET_NAME)";
				SWIFT_REFLECTION_METADATA_LEVEL = none;
				SWIFT_VERSION = 4.0;
				TARGETED_DEVICE_FAMILY = "1,2";
			};
			name = Release;
		};
/* End XCBuildConfiguration section */

/* Begin XCConfigurationList section */
		529353E5225FDC27002D3874 /* Build configuration list for PBXProject "Kviz" */ = {
			isa = XCConfigurationList;
			buildConfigurations = (
				529353FA225FDC2F002D3874 /* Debug */,
				529353FB225FDC2F002D3874 /* Release */,
			);
			defaultConfigurationIsVisible = 0;
			defaultConfigurationName = Release;
		};
		529353FC225FDC2F002D3874 /* Build configuration list for PBXNativeTarget "dz1prava" */ = {
			isa = XCConfigurationList;
			buildConfigurations = (
				529353FD225FDC2F002D3874 /* Debug */,
				529353FE225FDC2F002D3874 /* Release */,
			);
			defaultConfigurationIsVisible = 0;
			defaultConfigurationName = Release;
		};
/* End XCConfigurationList section */
	};
	rootObject = 529353E2225FDC27002D3874 /* Project object */;
}
